
Microsoft Visual Studio Solution File, Format Version 12.00
# Visual Studio Version 17
VisualStudioVersion = 17.5.33627.172
MinimumVisualStudioVersion = 10.0.40219.1
Project("{FAE04EC0-301F-11D3-BF4B-00C04F79EFBC}") = "Defining properties", "Defining properties\Defining properties.csproj", "{2C96E90F-12C0-46E8-A92C-BD96F92E4FB3}"
EndProject
Global
	GlobalSection(SolutionConfigurationPlatforms) = preSolution
		Debug|Any CPU = Debug|Any CPU
		Release|Any CPU = Release|Any CPU
	EndGlobalSection
	GlobalSection(ProjectConfigurationPlatforms) = postSolution
		{2C96E90F-12C0-46E8-A92C-BD96F92E4FB3}.Debug|Any CPU.ActiveCfg = Debug|Any CPU
		{2C96E90F-12C0-46E8-A92C-BD96F92E4FB3}.Debug|Any CPU.Build.0 = Debug|Any CPU
		{2C96E90F-12C0-46E8-A92C-BD96F92E4FB3}.Release|Any CPU.ActiveCfg = Release|Any CPU
		{2C96E90F-12C0-46E8-A92C-BD96F92E4FB3}.Release|Any CPU.Build.0 = Release|Any CPU
	EndGlobalSection
	GlobalSection(SolutionProperties) = preSolution
		HideSolutionNode = FALSE
	EndGlobalSection
	GlobalSection(ExtensibilityGlobals) = postSolution
		SolutionGuid = {713C6A2D-212C-496D-84F2-42A7CF5C4872}
	EndGlobalSection
EndGlobal
